// !$*UTF8*$!
{
	archiveVersion = 1;
	classes = {
	};
	objectVersion = 46;
	objects = {

/* Begin PBXBuildFile section */
		A16F14D91D66FBED00559EE4 /* main.m in Sources */ = {isa = PBXBuildFile; fileRef = A16F14D81D66FBED00559EE4 /* main.m */; };
		A16F14DC1D66FBED00559EE4 /* AppDelegate.m in Sources */ = {isa = PBXBuildFile; fileRef = A16F14DB1D66FBED00559EE4 /* AppDelegate.m */; };
		A16F14E21D66FBED00559EE4 /* Main.storyboard in Resources */ = {isa = PBXBuildFile; fileRef = A16F14E01D66FBED00559EE4 /* Main.storyboard */; };
		A16F14E41D66FBED00559EE4 /* Assets.xcassets in Resources */ = {isa = PBXBuildFile; fileRef = A16F14E31D66FBED00559EE4 /* Assets.xcassets */; };
		A16F14E71D66FBED00559EE4 /* LaunchScreen.storyboard in Resources */ = {isa = PBXBuildFile; fileRef = A16F14E51D66FBED00559EE4 /* LaunchScreen.storyboard */; };
		A16F15021D67003C00559EE4 /* IKNavgationViewController.m in Sources */ = {isa = PBXBuildFile; fileRef = A16F14FF1D67003C00559EE4 /* IKNavgationViewController.m */; };
		A16F15031D67003C00559EE4 /* IKTabBarViewController.m in Sources */ = {isa = PBXBuildFile; fileRef = A16F15011D67003C00559EE4 /* IKTabBarViewController.m */; };
		A17534FB1D6AB02700DAB8DE /* RotateAbleController.m in Sources */ = {isa = PBXBuildFile; fileRef = A17534EF1D6AB02700DAB8DE /* RotateAbleController.m */; };
		A17534FE1D6AB02700DAB8DE /* RotateUnableController.m in Sources */ = {isa = PBXBuildFile; fileRef = A17534F61D6AB02700DAB8DE /* RotateUnableController.m */; };
		A17534FF1D6AB02700DAB8DE /* RotateUnabelModalController.m in Sources */ = {isa = PBXBuildFile; fileRef = A17534F81D6AB02700DAB8DE /* RotateUnabelModalController.m */; };
		A17535001D6AB02700DAB8DE /* RotateUnablePushController.m in Sources */ = {isa = PBXBuildFile; fileRef = A17534FA1D6AB02700DAB8DE /* RotateUnablePushController.m */; };
		A17535051D6AC81B00DAB8DE /* RotateAblePushController.m in Sources */ = {isa = PBXBuildFile; fileRef = A17535021D6AC81B00DAB8DE /* RotateAblePushController.m */; };
		A17535061D6AC81B00DAB8DE /* RotateModalController.m in Sources */ = {isa = PBXBuildFile; fileRef = A17535041D6AC81B00DAB8DE /* RotateModalController.m */; };
/* End PBXBuildFile section */

/* Begin PBXFileReference section */
		A16F14D41D66FBED00559EE4 /* RotateDemo.app */ = {isa = PBXFileReference; explicitFileType = wrapper.application; includeInIndex = 0; path = RotateDemo.app; sourceTree = BUILT_PRODUCTS_DIR; };
		A16F14D81D66FBED00559EE4 /* main.m */ = {isa = PBXFileReference; lastKnownFileType = sourcecode.c.objc; path = main.m; sourceTree = "<group>"; };
		A16F14DA1D66FBED00559EE4 /* AppDelegate.h */ = {isa = PBXFileReference; lastKnownFileType = sourcecode.c.h; path = AppDelegate.h; sourceTree = "<group>"; };
		A16F14DB1D66FBED00559EE4 /* AppDelegate.m */ = {isa = PBXFileReference; lastKnownFileType = sourcecode.c.objc; path = AppDelegate.m; sourceTree = "<group>"; };
		A16F14E11D66FBED00559EE4 /* Base */ = {isa = PBXFileReference; lastKnownFileType = file.storyboard; name = Base; path = Base.lproj/Main.storyboard; sourceTree = "<group>"; };
		A16F14E31D66FBED00559EE4 /* Assets.xcassets */ = {isa = PBXFileReference; lastKnownFileType = folder.assetcatalog; path = Assets.xcassets; sourceTree = "<group>"; };
		A16F14E61D66FBED00559EE4 /* Base */ = {isa = PBXFileReference; lastKnownFileType = file.storyboard; name = Base; path = Base.lproj/LaunchScreen.storyboard; sourceTree = "<group>"; };
		A16F14E81D66FBED00559EE4 /* Info.plist */ = {isa = PBXFileReference; lastKnownFileType = text.plist.xml; path = Info.plist; sourceTree = "<group>"; };
		A16F14FE1D67003C00559EE4 /* IKNavgationViewController.h */ = {isa = PBXFileReference; fileEncoding = 4; lastKnownFileType = sourcecode.c.h; path = IKNavgationViewController.h; sourceTree = "<group>"; };
		A16F14FF1D67003C00559EE4 /* IKNavgationViewController.m */ = {isa = PBXFileReference; fileEncoding = 4; lastKnownFileType = sourcecode.c.objc; path = IKNavgationViewController.m; sourceTree = "<group>"; };
		A16F15001D67003C00559EE4 /* IKTabBarViewController.h */ = {isa = PBXFileReference; fileEncoding = 4; lastKnownFileType = sourcecode.c.h; path = IKTabBarViewController.h; sourceTree = "<group>"; };
		A16F15011D67003C00559EE4 /* IKTabBarViewController.m */ = {isa = PBXFileReference; fileEncoding = 4; lastKnownFileType = sourcecode.c.objc; path = IKTabBarViewController.m; sourceTree = "<group>"; };
		A17534EE1D6AB02700DAB8DE /* RotateAbleController.h */ = {isa = PBXFileReference; fileEncoding = 4; lastKnownFileType = sourcecode.c.h; path = RotateAbleController.h; sourceTree = "<group>"; };
		A17534EF1D6AB02700DAB8DE /* RotateAbleController.m */ = {isa = PBXFileReference; fileEncoding = 4; lastKnownFileType = sourcecode.c.objc; path = RotateAbleController.m; sourceTree = "<group>"; };
		A17534F51D6AB02700DAB8DE /* RotateUnableController.h */ = {isa = PBXFileReference; fileEncoding = 4; lastKnownFileType = sourcecode.c.h; path = RotateUnableController.h; sourceTree = "<group>"; };
		A17534F61D6AB02700DAB8DE /* RotateUnableController.m */ = {isa = PBXFileReference; fileEncoding = 4; lastKnownFileType = sourcecode.c.objc; path = RotateUnableController.m; sourceTree = "<group>"; };
		A17534F71D6AB02700DAB8DE /* RotateUnabelModalController.h */ = {isa = PBXFileReference; fileEncoding = 4; lastKnownFileType = sourcecode.c.h; path = RotateUnabelModalController.h; sourceTree = "<group>"; };
		A17534F81D6AB02700DAB8DE /* RotateUnabelModalController.m */ = {isa = PBXFileReference; fileEncoding = 4; lastKnownFileType = sourcecode.c.objc; path = RotateUnabelModalController.m; sourceTree = "<group>"; };
		A17534F91D6AB02700DAB8DE /* RotateUnablePushController.h */ = {isa = PBXFileReference; fileEncoding = 4; lastKnownFileType = sourcecode.c.h; path = RotateUnablePushController.h; sourceTree = "<group>"; };
		A17534FA1D6AB02700DAB8DE /* RotateUnablePushController.m */ = {isa = PBXFileReference; fileEncoding = 4; lastKnownFileType = sourcecode.c.objc; path = RotateUnablePushController.m; sourceTree = "<group>"; };
		A17535011D6AC81B00DAB8DE /* RotateAblePushController.h */ = {isa = PBXFileReference; fileEncoding = 4; lastKnownFileType = sourcecode.c.h; path = RotateAblePushController.h; sourceTree = "<group>"; };
		A17535021D6AC81B00DAB8DE /* RotateAblePushController.m */ = {isa = PBXFileReference; fileEncoding = 4; lastKnownFileType = sourcecode.c.objc; path = RotateAblePushController.m; sourceTree = "<group>"; };
		A17535031D6AC81B00DAB8DE /* RotateModalController.h */ = {isa = PBXFileReference; fileEncoding = 4; lastKnownFileType = sourcecode.c.h; path = RotateModalController.h; sourceTree = "<group>"; };
		A17535041D6AC81B00DAB8DE /* RotateModalController.m */ = {isa = PBXFileReference; fileEncoding = 4; lastKnownFileType = sourcecode.c.objc; path = RotateModalController.m; sourceTree = "<group>"; };
/* End PBXFileReference section */

/* Begin PBXFrameworksBuildPhase section */
		A16F14D11D66FBED00559EE4 /* Frameworks */ = {
			isa = PBXFrameworksBuildPhase;
			buildActionMask = 2147483647;
			files = (
			);
			runOnlyForDeploymentPostprocessing = 0;
		};
/* End PBXFrameworksBuildPhase section */

/* Begin PBXGroup section */
		A16F14CB1D66FBED00559EE4 = {
			isa = PBXGroup;
			children = (
				A16F14D61D66FBED00559EE4 /* RotateDemo */,
				A16F14D51D66FBED00559EE4 /* Products */,
			);
			sourceTree = "<group>";
		};
		A16F14D51D66FBED00559EE4 /* Products */ = {
			isa = PBXGroup;
			children = (
				A16F14D41D66FBED00559EE4 /* RotateDemo.app */,
			);
			name = Products;
			sourceTree = "<group>";
		};
		A16F14D61D66FBED00559EE4 /* RotateDemo */ = {
			isa = PBXGroup;
			children = (
				A17534ED1D6AB02700DAB8DE /* RotateAbel */,
				A17534F41D6AB02700DAB8DE /* RotateUnable */,
				A16F14FD1D67003C00559EE4 /* BasicVC */,
				A16F14DA1D66FBED00559EE4 /* AppDelegate.h */,
				A16F14DB1D66FBED00559EE4 /* AppDelegate.m */,
				A16F14E01D66FBED00559EE4 /* Main.storyboard */,
				A16F14E31D66FBED00559EE4 /* Assets.xcassets */,
				A16F14E51D66FBED00559EE4 /* LaunchScreen.storyboard */,
				A16F14E81D66FBED00559EE4 /* Info.plist */,
				A16F14D71D66FBED00559EE4 /* Supporting Files */,
			);
			path = RotateDemo;
			sourceTree = "<group>";
		};
		A16F14D71D66FBED00559EE4 /* Supporting Files */ = {
			isa = PBXGroup;
			children = (
				A16F14D81D66FBED00559EE4 /* main.m */,
			);
			name = "Supporting Files";
			sourceTree = "<group>";
		};
		A16F14FD1D67003C00559EE4 /* BasicVC */ = {
			isa = PBXGroup;
			children = (
				A16F14FE1D67003C00559EE4 /* IKNavgationViewController.h */,
				A16F14FF1D67003C00559EE4 /* IKNavgationViewController.m */,
				A16F15001D67003C00559EE4 /* IKTabBarViewController.h */,
				A16F15011D67003C00559EE4 /* IKTabBarViewController.m */,
			);
			path = BasicVC;
			sourceTree = "<group>";
		};
		A17534ED1D6AB02700DAB8DE /* RotateAbel */ = {
			isa = PBXGroup;
			children = (
				A17535011D6AC81B00DAB8DE /* RotateAblePushController.h */,
				A17535021D6AC81B00DAB8DE /* RotateAblePushController.m */,
				A17535031D6AC81B00DAB8DE /* RotateModalController.h */,
				A17535041D6AC81B00DAB8DE /* RotateModalController.m */,
				A17534EE1D6AB02700DAB8DE /* RotateAbleController.h */,
				A17534EF1D6AB02700DAB8DE /* RotateAbleController.m */,
			);
			path = RotateAbel;
			sourceTree = "<group>";
		};
		A17534F41D6AB02700DAB8DE /* RotateUnable */ = {
			isa = PBXGroup;
			children = (
				A17534F51D6AB02700DAB8DE /* RotateUnableController.h */,
				A17534F61D6AB02700DAB8DE /* RotateUnableController.m */,
				A17534F71D6AB02700DAB8DE /* RotateUnabelModalController.h */,
				A17534F81D6AB02700DAB8DE /* RotateUnabelModalController.m */,
				A17534F91D6AB02700DAB8DE /* RotateUnablePushController.h */,
				A17534FA1D6AB02700DAB8DE /* RotateUnablePushController.m */,
			);
			path = RotateUnable;
			sourceTree = "<group>";
		};
/* End PBXGroup section */

/* Begin PBXNativeTarget section */
		A16F14D31D66FBED00559EE4 /* RotateDemo */ = {
			isa = PBXNativeTarget;
			buildConfigurationList = A16F14EB1D66FBED00559EE4 /* Build configuration list for PBXNativeTarget "RotateDemo" */;
			buildPhases = (
				A16F14D01D66FBED00559EE4 /* Sources */,
				A16F14D11D66FBED00559EE4 /* Frameworks */,
				A16F14D21D66FBED00559EE4 /* Resources */,
			);
			buildRules = (
			);
			dependencies = (
			);
			name = RotateDemo;
			productName = RotateDemo;
			productReference = A16F14D41D66FBED00559EE4 /* RotateDemo.app */;
			productType = "com.apple.product-type.application";
		};
/* End PBXNativeTarget section */

/* Begin PBXProject section */
		A16F14CC1D66FBED00559EE4 /* Project object */ = {
			isa = PBXProject;
			attributes = {
				LastUpgradeCheck = 0730;
				ORGANIZATIONNAME = Jude;
				TargetAttributes = {
					A16F14D31D66FBED00559EE4 = {
						CreatedOnToolsVersion = 7.3.1;
						DevelopmentTeam = J978JB4WUH;
					};
				};
			};
			buildConfigurationList = A16F14CF1D66FBED00559EE4 /* Build configuration list for PBXProject "RotateDemo" */;
			compatibilityVersion = "Xcode 3.2";
			developmentRegion = English;
			hasScannedForEncodings = 0;
			knownRegions = (
				en,
				Base,
			);
			mainGroup = A16F14CB1D66FBED00559EE4;
			productRefGroup = A16F14D51D66FBED00559EE4 /* Products */;
			projectDirPath = "";
			projectRoot = "";
			targets = (
				A16F14D31D66FBED00559EE4 /* RotateDemo */,
			);
		};
/* End PBXProject section */

/* Begin PBXResourcesBuildPhase section */
		A16F14D21D66FBED00559EE4 /* Resources */ = {
			isa = PBXResourcesBuildPhase;
			buildActionMask = 2147483647;
			files = (
				A16F14E71D66FBED00559EE4 /* LaunchScreen.storyboard in Resources */,
				A16F14E41D66FBED00559EE4 /* Assets.xcassets in Resources */,
				A16F14E21D66FBED00559EE4 /* Main.storyboard in Resources */,
			);
			runOnlyForDeploymentPostprocessing = 0;
		};
/* End PBXResourcesBuildPhase section */

/* Begin PBXSourcesBuildPhase section */
		A16F14D01D66FBED00559EE4 /* Sources */ = {
			isa = PBXSourcesBuildPhase;
			buildActionMask = 2147483647;
			files = (
				A16F14DC1D66FBED00559EE4 /* AppDelegate.m in Sources */,
				A17535001D6AB02700DAB8DE /* RotateUnablePushController.m in Sources */,
				A16F15021D67003C00559EE4 /* IKNavgationViewController.m in Sources */,
				A16F15031D67003C00559EE4 /* IKTabBarViewController.m in Sources */,
				A17535061D6AC81B00DAB8DE /* RotateModalController.m in Sources */,
				A17534FB1D6AB02700DAB8DE /* RotateAbleController.m in Sources */,
				A16F14D91D66FBED00559EE4 /* main.m in Sources */,
				A17534FE1D6AB02700DAB8DE /* RotateUnableController.m in Sources */,
				A17535051D6AC81B00DAB8DE /* RotateAblePushController.m in Sources */,
				A17534FF1D6AB02700DAB8DE /* RotateUnabelModalController.m in Sources */,
			);
			runOnlyForDeploymentPostprocessing = 0;
		};
/* End PBXSourcesBuildPhase section */

/* Begin PBXVariantGroup section */
		A16F14E01D66FBED00559EE4 /* Main.storyboard */ = {
			isa = PBXVariantGroup;
			children = (
				A16F14E11D66FBED00559EE4 /* Base */,
			);
			name = Main.storyboard;
			sourceTree = "<group>";
		};
		A16F14E51D66FBED00559EE4 /* LaunchScreen.storyboard */ = {
			isa = PBXVariantGroup;
			children = (
				A16F14E61D66FBED00559EE4 /* Base */,
			);
			name = LaunchScreen.storyboard;
			sourceTree = "<group>";
		};
/* End PBXVariantGroup section */

/* Begin XCBuildConfiguration section */
		A16F14E91D66FBED00559EE4 /* Debug */ = {
			isa = XCBuildConfiguration;
			buildSettings = {
				ALWAYS_SEARCH_USER_PATHS = NO;
				CLANG_ANALYZER_NONNULL = YES;
				CLANG_CXX_LANGUAGE_STANDARD = "gnu++0x";
				CLANG_CXX_LIBRARY = "libc++";
				CLANG_ENABLE_MODULES = YES;
				CLANG_ENABLE_OBJC_ARC = YES;
				CLANG_WARN_BOOL_CONVERSION = YES;
				CLANG_WARN_CONSTANT_CONVERSION = YES;
				CLANG_WARN_DIRECT_OBJC_ISA_USAGE = YES_ERROR;
				CLANG_WARN_EMPTY_BODY = YES;
				CLANG_WARN_ENUM_CONVERSION = YES;
				CLANG_WARN_INT_CONVERSION = YES;
				CLANG_WARN_OBJC_ROOT_CLASS = YES_ERROR;
				CLANG_WARN_UNREACHABLE_CODE = YES;
				CLANG_WARN__DUPLICATE_METHOD_MATCH = YES;
				"CODE_SIGN_IDENTITY[sdk=iphoneos*]" = "iPhone Developer";
				COPY_PHASE_STRIP = NO;
				DEBUG_INFORMATION_FORMAT = dwarf;
				ENABLE_STRICT_OBJC_MSGSEND = YES;
				ENABLE_TESTABILITY = YES;
				GCC_C_LANGUAGE_STANDARD = gnu99;
				GCC_DYNAMIC_NO_PIC = NO;
				GCC_NO_COMMON_BLOCKS = YES;
				GCC_OPTIMIZATION_LEVEL = 0;
				GCC_PREPROCESSOR_DEFINITIONS = (
					"DEBUG=1",
					"$(inherited)",
				);
				GCC_WARN_64_TO_32_BIT_CONVERSION = YES;
				GCC_WARN_ABOUT_RETURN_TYPE = YES_ERROR;
				GCC_WARN_UNDECLARED_SELECTOR = YES;
				GCC_WARN_UNINITIALIZED_AUTOS = YES_AGGRESSIVE;
				GCC_WARN_UNUSED_FUNCTION = YES;
				GCC_WARN_UNUSED_VARIABLE = YES;
				IPHONEOS_DEPLOYMENT_TARGET = 9.3;
				MTL_ENABLE_DEBUG_INFO = YES;
				ONLY_ACTIVE_ARCH = YES;
				SDKROOT = iphoneos;
				TARGETED_DEVICE_FAMILY = "1,2";
			};
			name = Debug;
		};
		A16F14EA1D66FBED00559EE4 /* Release */ = {
			isa = XCBuildConfiguration;
			buildSettings = {
				ALWAYS_SEARCH_USER_PATHS = NO;
				CLANG_ANALYZER_NONNULL = YES;
				CLANG_CXX_LANGUAGE_STANDARD = "gnu++0x";
				CLANG_CXX_LIBRARY = "libc++";
				CLANG_ENABLE_MODULES = YES;
				CLANG_ENABLE_OBJC_ARC = YES;
				CLANG_WARN_BOOL_CONVERSION = YES;
				CLANG_WARN_CONSTANT_CONVERSION = YES;
				CLANG_WARN_DIRECT_OBJC_ISA_USAGE = YES_ERROR;
				CLANG_WARN_EMPTY_BODY = YES;
				CLANG_WARN_ENUM_CONVERSION = YES;
				CLANG_WARN_INT_CONVERSION = YES;
				CLANG_WARN_OBJC_ROOT_CLASS = YES_ERROR;
				CLANG_WARN_UNREACHABLE_CODE = YES;
				CLANG_WARN__DUPLICATE_METHOD_MATCH = YES;
				"CODE_SIGN_IDENTITY[sdk=iphoneos*]" = "iPhone Developer";
				COPY_PHASE_STRIP = NO;
				DEBUG_INFORMATION_FORMAT = "dwarf-with-dsym";
				ENABLE_NS_ASSERTIONS = NO;
				ENABLE_STRICT_OBJC_MSGSEND = YES;
				GCC_C_LANGUAGE_STANDARD = gnu99;
				GCC_NO_COMMON_BLOCKS = YES;
				GCC_WARN_64_TO_32_BIT_CONVERSION = YES;
				GCC_WARN_ABOUT_RETURN_TYPE = YES_ERROR;
				GCC_WARN_UNDECLARED_SELECTOR = YES;
				GCC_WARN_UNINITIALIZED_AUTOS = YES_AGGRESSIVE;
				GCC_WARN_UNUSED_FUNCTION = YES;
				GCC_WARN_UNUSED_VARIABLE = YES;
				IPHONEOS_DEPLOYMENT_TARGET = 9.3;
				MTL_ENABLE_DEBUG_INFO = NO;
				SDKROOT = iphoneos;
				TARGETED_DEVICE_FAMILY = "1,2";
				VALIDATE_PRODUCT = YES;
			};
			name = Release;
		};
		A16F14EC1D66FBED00559EE4 /* Debug */ = {
			isa = XCBuildConfiguration;
			buildSettings = {
				ASSETCATALOG_COMPILER_APPICON_NAME = AppIcon;
				CODE_SIGN_IDENTITY = "iPhone Developer";
				INFOPLIST_FILE = RotateDemo/Info.plist;
				IPHONEOS_DEPLOYMENT_TARGET = 9.0;
				LD_RUNPATH_SEARCH_PATHS = "$(inherited) @executable_path/Frameworks";
				PRODUCT_BUNDLE_IDENTIFIER = xiaoya.RotateDemo;
				PRODUCT_NAME = "$(TARGET_NAME)";
			};
			name = Debug;
		};
		A16F14ED1D66FBED00559EE4 /* Release */ = {
			isa = XCBuildConfiguration;
			buildSettings = {
				ASSETCATALOG_COMPILER_APPICON_NAME = AppIcon;
				CODE_SIGN_IDENTITY = "iPhone Developer";
				INFOPLIST_FILE = RotateDemo/Info.plist;
				IPHONEOS_DEPLOYMENT_TARGET = 9.0;
				LD_RUNPATH_SEARCH_PATHS = "$(inherited) @executable_path/Frameworks";
				PRODUCT_BUNDLE_IDENTIFIER = xiaoya.RotateDemo;
				PRODUCT_NAME = "$(TARGET_NAME)";
			};
			name = Release;
		};
/* End XCBuildConfiguration section */

/* Begin XCConfigurationList section */
		A16F14CF1D66FBED00559EE4 /* Build configuration list for PBXProject "RotateDemo" */ = {
			isa = XCConfigurationList;
			buildConfigurations = (
				A16F14E91D66FBED00559EE4 /* Debug */,
				A16F14EA1D66FBED00559EE4 /* Release */,
			);
			defaultConfigurationIsVisible = 0;
			defaultConfigurationName = Release;
		};
		A16F14EB1D66FBED00559EE4 /* Build configuration list for PBXNativeTarget "RotateDemo" */ = {
			isa = XCConfigurationList;
			buildConfigurations = (
				A16F14EC1D66FBED00559EE4 /* Debug */,
				A16F14ED1D66FBED00559EE4 /* Release */,
			);
			defaultConfigurationIsVisible = 0;
			defaultConfigurationName = Release;
		};
/* End XCConfigurationList section */
	};
	rootObject = A16F14CC1D66FBED00559EE4 /* Project object */;
}
